
Microsoft Visual Studio Solution File, Format Version 12.00
# Visual Studio Version 17
VisualStudioVersion = 17.9.34701.34
MinimumVisualStudioVersion = 10.0.40219.1
Project("{9A19103F-16F7-4668-BE54-9A1E7A4F7556}") = "RuletaDel_Infortunio", "RuletaDel_Infortunio\RuletaDel_Infortunio.csproj", "{CE138187-A19C-410E-BD4F-183C3DA18426}"
EndProject
Project("{9A19103F-16F7-4668-BE54-9A1E7A4F7556}") = "objetos", "objetos\objetos.csproj", "{3CA669BE-4726-4DA5-B58E-9B8239C5FD20}"
EndProject
Project("{9A19103F-16F7-4668-BE54-9A1E7A4F7556}") = "exepciones", "exepciones\exepciones.csproj", "{61E9ADDF-3399-4B7A-89FF-B2FE88A199E2}"
EndProject
Project("{54435603-DBB4-11D2-8724-00A0C9A8B90C}") = "Setup", "Setup\Setup.vdproj", "{0552793B-C9A0-4B4F-98C8-053623BB82BE}"
EndProject
Global
	GlobalSection(SolutionConfigurationPlatforms) = preSolution
		Debug|Any CPU = Debug|Any CPU
		Debug|x86 = Debug|x86
		Release|Any CPU = Release|Any CPU
		Release|x86 = Release|x86
	EndGlobalSection
	GlobalSection(ProjectConfigurationPlatforms) = postSolution
		{CE138187-A19C-410E-BD4F-183C3DA18426}.Debug|Any CPU.ActiveCfg = Debug|Any CPU
		{CE138187-A19C-410E-BD4F-183C3DA18426}.Debug|Any CPU.Build.0 = Debug|Any CPU
		{CE138187-A19C-410E-BD4F-183C3DA18426}.Debug|x86.ActiveCfg = Debug|Any CPU
		{CE138187-A19C-410E-BD4F-183C3DA18426}.Debug|x86.Build.0 = Debug|Any CPU
		{CE138187-A19C-410E-BD4F-183C3DA18426}.Release|Any CPU.ActiveCfg = Release|Any CPU
		{CE138187-A19C-410E-BD4F-183C3DA18426}.Release|Any CPU.Build.0 = Release|Any CPU
		{CE138187-A19C-410E-BD4F-183C3DA18426}.Release|x86.ActiveCfg = Release|Any CPU
		{CE138187-A19C-410E-BD4F-183C3DA18426}.Release|x86.Build.0 = Release|Any CPU
		{3CA669BE-4726-4DA5-B58E-9B8239C5FD20}.Debug|Any CPU.ActiveCfg = Debug|Any CPU
		{3CA669BE-4726-4DA5-B58E-9B8239C5FD20}.Debug|Any CPU.Build.0 = Debug|Any CPU
		{3CA669BE-4726-4DA5-B58E-9B8239C5FD20}.Debug|x86.ActiveCfg = Debug|Any CPU
		{3CA669BE-4726-4DA5-B58E-9B8239C5FD20}.Debug|x86.Build.0 = Debug|Any CPU
		{3CA669BE-4726-4DA5-B58E-9B8239C5FD20}.Release|Any CPU.ActiveCfg = Release|Any CPU
		{3CA669BE-4726-4DA5-B58E-9B8239C5FD20}.Release|Any CPU.Build.0 = Release|Any CPU
		{3CA669BE-4726-4DA5-B58E-9B8239C5FD20}.Release|x86.ActiveCfg = Release|Any CPU
		{3CA669BE-4726-4DA5-B58E-9B8239C5FD20}.Release|x86.Build.0 = Release|Any CPU
		{61E9ADDF-3399-4B7A-89FF-B2FE88A199E2}.Debug|Any CPU.ActiveCfg = Debug|Any CPU
		{61E9ADDF-3399-4B7A-89FF-B2FE88A199E2}.Debug|Any CPU.Build.0 = Debug|Any CPU
		{61E9ADDF-3399-4B7A-89FF-B2FE88A199E2}.Debug|x86.ActiveCfg = Debug|Any CPU
		{61E9ADDF-3399-4B7A-89FF-B2FE88A199E2}.Debug|x86.Build.0 = Debug|Any CPU
		{61E9ADDF-3399-4B7A-89FF-B2FE88A199E2}.Release|Any CPU.ActiveCfg = Release|Any CPU
		{61E9ADDF-3399-4B7A-89FF-B2FE88A199E2}.Release|Any CPU.Build.0 = Release|Any CPU
		{61E9ADDF-3399-4B7A-89FF-B2FE88A199E2}.Release|x86.ActiveCfg = Release|Any CPU
		{61E9ADDF-3399-4B7A-89FF-B2FE88A199E2}.Release|x86.Build.0 = Release|Any CPU
		{0552793B-C9A0-4B4F-98C8-053623BB82BE}.Debug|Any CPU.ActiveCfg = Debug
		{0552793B-C9A0-4B4F-98C8-053623BB82BE}.Debug|x86.ActiveCfg = Debug
		{0552793B-C9A0-4B4F-98C8-053623BB82BE}.Release|Any CPU.ActiveCfg = Release
		{0552793B-C9A0-4B4F-98C8-053623BB82BE}.Release|x86.ActiveCfg = Release
	EndGlobalSection
	GlobalSection(SolutionProperties) = preSolution
		HideSolutionNode = FALSE
	EndGlobalSection
	GlobalSection(ExtensibilityGlobals) = postSolution
		SolutionGuid = {EB1B5995-4992-426F-8CA7-B9FE00690861}
	EndGlobalSection
EndGlobal
